
Microsoft Visual Studio Solution File, Format Version 12.00
# Visual Studio Version 17
VisualStudioVersion = 17.3.32929.385
MinimumVisualStudioVersion = 10.0.40219.1
Project("{FAE04EC0-301F-11D3-BF4B-00C04F79EFBC}") = "Task1", "Task1\Task1.csproj", "{027809E8-8761-4735-999A-1714AF3C8D1B}"
EndProject
Global
	GlobalSection(SolutionConfigurationPlatforms) = preSolution
		Debug|Any CPU = Debug|Any CPU
		Release|Any CPU = Release|Any CPU
	EndGlobalSection
	GlobalSection(ProjectConfigurationPlatforms) = postSolution
		{027809E8-8761-4735-999A-1714AF3C8D1B}.Debug|Any CPU.ActiveCfg = Debug|Any CPU
		{027809E8-8761-4735-999A-1714AF3C8D1B}.Debug|Any CPU.Build.0 = Debug|Any CPU
		{027809E8-8761-4735-999A-1714AF3C8D1B}.Release|Any CPU.ActiveCfg = Release|Any CPU
		{027809E8-8761-4735-999A-1714AF3C8D1B}.Release|Any CPU.Build.0 = Release|Any CPU
	EndGlobalSection
	GlobalSection(SolutionProperties) = preSolution
		HideSolutionNode = FALSE
	EndGlobalSection
	GlobalSection(ExtensibilityGlobals) = postSolution
		SolutionGuid = {F2C82B39-3055-4716-8937-9CE7C7670DF1}
	EndGlobalSection
EndGlobal
